{
  "version": 4,
  "terraform_version": "1.4.6",
  "serial": 54,
  "lineage": "091b5b96-27b5-424c-26b0-5a128f1c4fa0",
  "outputs": {},
  "resources": [
    {
      "mode": "managed",
      "type": "aws_iam_policy",
      "name": "ssm_parameter_access",
      "provider": "provider[\"registry.terraform.io/hashicorp/aws\"]",
      "instances": [
        {
          "schema_version": 0,
          "attributes": {
            "arn": "arn:aws:iam::503561449641:policy/api-3000-private-01-ssm-parameter-access",
            "attachment_count": 0,
            "description": "Allow access to SSM parameters",
            "id": "arn:aws:iam::503561449641:policy/api-3000-private-01-ssm-parameter-access",
            "name": "api-3000-private-01-ssm-parameter-access",
            "name_prefix": "",
            "path": "/",
            "policy": "{\"Statement\":[{\"Action\":[\"ssm:GetParameters\",\"ssm:GetParameter\"],\"Effect\":\"Allow\",\"Resource\":\"arn:aws:ssm:ap-northeast-1:503561449641:parameter/api-3000-private-01/*\"}],\"Version\":\"2012-10-17\"}",
            "policy_id": "ANPAXKPUZ6CUU5GLV5V2J",
            "tags": null,
            "tags_all": {}
          },
          "sensitive_attributes": [],
          "private": "bnVsbA=="
        }
      ]
    },
    {
      "mode": "managed",
      "type": "aws_ssm_parameter",
      "name": "parameters",
      "provider": "provider[\"registry.terraform.io/hashicorp/aws\"]",
      "instances": [
        {
          "index_key": "BACKEND_PORT",
          "schema_version": 0,
          "attributes": {
            "allowed_pattern": "",
            "arn": "arn:aws:ssm:ap-northeast-1:503561449641:parameter/api-3000-private-01/BACKEND_PORT",
            "data_type": "text",
            "description": "Backend application port",
            "has_value_wo": null,
            "id": "/api-3000-private-01/BACKEND_PORT",
            "insecure_value": null,
            "key_id": "",
            "name": "/api-3000-private-01/BACKEND_PORT",
            "overwrite": null,
            "tags": null,
            "tags_all": {},
            "tier": "Standard",
            "type": "String",
            "value": "8000",
            "value_wo": null,
            "value_wo_version": null,
            "version": 1
          },
          "sensitive_attributes": [],
          "private": "bnVsbA=="
        },
        {
          "index_key": "DATABASE_URL",
          "schema_version": 0,
          "attributes": {
            "allowed_pattern": "",
            "arn": "arn:aws:ssm:ap-northeast-1:503561449641:parameter/api-3000-private-01/DATABASE_URL",
            "data_type": "text",
            "description": "Database connection URL",
            "has_value_wo": null,
            "id": "/api-3000-private-01/DATABASE_URL",
            "insecure_value": null,
            "key_id": "alias/aws/ssm",
            "name": "/api-3000-private-01/DATABASE_URL",
            "overwrite": null,
            "tags": null,
            "tags_all": {},
            "tier": "Standard",
            "type": "SecureString",
            "value": "postgresql://postgres:postgres@api-3000-03-db.cluster-xxxxxxxxxx.ap-northeast-1.rds.amazonaws.com:5432/dev_db",
            "value_wo": null,
            "value_wo_version": null,
            "version": 1
          },
          "sensitive_attributes": [],
          "private": "bnVsbA=="
        },
        {
          "index_key": "FRONTEND_PORT",
          "schema_version": 0,
          "attributes": {
            "allowed_pattern": "",
            "arn": "arn:aws:ssm:ap-northeast-1:503561449641:parameter/api-3000-private-01/FRONTEND_PORT",
            "data_type": "text",
            "description": "Frontend application port",
            "has_value_wo": null,
            "id": "/api-3000-private-01/FRONTEND_PORT",
            "insecure_value": null,
            "key_id": "",
            "name": "/api-3000-private-01/FRONTEND_PORT",
            "overwrite": null,
            "tags": null,
            "tags_all": {},
            "tier": "Standard",
            "type": "String",
            "value": "3000",
            "value_wo": null,
            "value_wo_version": null,
            "version": 1
          },
          "sensitive_attributes": [],
          "private": "bnVsbA=="
        },
        {
          "index_key": "JWT_SECRET_KEY",
          "schema_version": 0,
          "attributes": {
            "allowed_pattern": "",
            "arn": "arn:aws:ssm:ap-northeast-1:503561449641:parameter/api-3000-private-01/JWT_SECRET_KEY",
            "data_type": "text",
            "description": "JWT secret key for authentication",
            "has_value_wo": null,
            "id": "/api-3000-private-01/JWT_SECRET_KEY",
            "insecure_value": null,
            "key_id": "alias/aws/ssm",
            "name": "/api-3000-private-01/JWT_SECRET_KEY",
            "overwrite": null,
            "tags": null,
            "tags_all": {},
            "tier": "Standard",
            "type": "SecureString",
            "value": "secret",
            "value_wo": null,
            "value_wo_version": null,
            "version": 1
          },
          "sensitive_attributes": [],
          "private": "bnVsbA=="
        },
        {
          "index_key": "NODE_ENV",
          "schema_version": 0,
          "attributes": {
            "allowed_pattern": "",
            "arn": "arn:aws:ssm:ap-northeast-1:503561449641:parameter/api-3000-private-01/NODE_ENV",
            "data_type": "text",
            "description": "Node environment",
            "has_value_wo": null,
            "id": "/api-3000-private-01/NODE_ENV",
            "insecure_value": null,
            "key_id": "",
            "name": "/api-3000-private-01/NODE_ENV",
            "overwrite": null,
            "tags": null,
            "tags_all": {},
            "tier": "Standard",
            "type": "String",
            "value": "production",
            "value_wo": null,
            "value_wo_version": null,
            "version": 1
          },
          "sensitive_attributes": [],
          "private": "bnVsbA=="
        },
        {
          "index_key": "UPLOAD_DIR",
          "schema_version": 0,
          "attributes": {
            "allowed_pattern": "",
            "arn": "arn:aws:ssm:ap-northeast-1:503561449641:parameter/api-3000-private-01/UPLOAD_DIR",
            "data_type": "text",
            "description": "Upload directory path",
            "has_value_wo": null,
            "id": "/api-3000-private-01/UPLOAD_DIR",
            "insecure_value": null,
            "key_id": "",
            "name": "/api-3000-private-01/UPLOAD_DIR",
            "overwrite": null,
            "tags": null,
            "tags_all": {},
            "tier": "Standard",
            "type": "String",
            "value": "uploads",
            "value_wo": null,
            "value_wo_version": null,
            "version": 1
          },
          "sensitive_attributes": [],
          "private": "bnVsbA=="
        }
      ]
    }
  ],
  "check_results": null
}
